# This file is automatically @generated by Cargo.
# It is not intended for manual editing.
version = 4

[[package]]
name = "proc-macro2"
version = "1.0.92"
source = "registry+https://github.com/rust-lang/crates.io-index"
checksum = "37d3544b3f2748c54e147655edb5025752e2303145b5aefb3c3ea2c78b973bb0"
dependencies = [
 "unicode-ident",
]

[[package]]
name = "quote"
version = "1.0.38"
source = "registry+https://github.com/rust-lang/crates.io-index"
checksum = "0e4dccaaaf89514f546c693ddc140f729f958c247918a13380cccc6078391acc"
dependencies = [
 "proc-macro2",
]

[[package]]
name = "syn"
version = "2.0.92"
source = "registry+https://github.com/rust-lang/crates.io-index"
checksum = "70ae51629bf965c5c098cc9e87908a3df5301051a9e087d6f9bef5c9771ed126"
dependencies = [
 "proc-macro2",
 "quote",
 "unicode-ident",
]

[[package]]
name = "type-sig"
version = "0.1.2"
dependencies = [
 "type-sig-proc-macro 0.1.2 (registry+https://github.com/rust-lang/crates.io-index)",
 "type-sig-type 0.1.2 (registry+https://github.com/rust-lang/crates.io-index)",
]

[[package]]
name = "type-sig-proc-macro"
version = "0.1.2"
dependencies = [
 "proc-macro2",
 "quote",
 "syn",
 "type-sig-type 0.1.2 (registry+https://github.com/rust-lang/crates.io-index)",
]

[[package]]
name = "type-sig-proc-macro"
version = "0.1.2"
source = "registry+https://github.com/rust-lang/crates.io-index"
checksum = "ae57127e89770a4cd1ab218400762d793ff4364dde4dd510513f36aab4a75391"
dependencies = [
 "proc-macro2",
 "quote",
 "syn",
 "type-sig-type 0.1.2 (registry+https://github.com/rust-lang/crates.io-index)",
]

[[package]]
name = "type-sig-type"
version = "0.1.2"

[[package]]
name = "type-sig-type"
version = "0.1.2"
source = "registry+https://github.com/rust-lang/crates.io-index"
checksum = "05855836faba7914e0c57a8dc8fd3d86c048c86f50de42b26baa773bf6a41c3e"

[[package]]
name = "unicode-ident"
version = "1.0.14"
source = "registry+https://github.com/rust-lang/crates.io-index"
checksum = "adb9e6ca4f869e1180728b7950e35922a7fc6397f7b641499e8f3ef06e50dc83"
